// !$*UTF8*$!
{
	archiveVersion = 1;
	classes = {
	};
	objectVersion = 46;
	objects = {

/* Begin PBXBuildFile section */
		A4E7C63A16A3B1AE00D0E7DD /* UIKit.framework in Frameworks */ = {isa = PBXBuildFile; fileRef = A4E7C63916A3B1AE00D0E7DD /* UIKit.framework */; };
		A4E7C63C16A3B1AE00D0E7DD /* Foundation.framework in Frameworks */ = {isa = PBXBuildFile; fileRef = A4E7C63B16A3B1AE00D0E7DD /* Foundation.framework */; };
		A4E7C63E16A3B1AE00D0E7DD /* CoreGraphics.framework in Frameworks */ = {isa = PBXBuildFile; fileRef = A4E7C63D16A3B1AE00D0E7DD /* CoreGraphics.framework */; };
		A4E7C64416A3B1AE00D0E7DD /* InfoPlist.strings in Resources */ = {isa = PBXBuildFile; fileRef = A4E7C64216A3B1AE00D0E7DD /* InfoPlist.strings */; };
		A4E7C64616A3B1AE00D0E7DD /* main.m in Sources */ = {isa = PBXBuildFile; fileRef = A4E7C64516A3B1AE00D0E7DD /* main.m */; };
		A4E7C64A16A3B1AE00D0E7DD /* ZTAppDelegate.m in Sources */ = {isa = PBXBuildFile; fileRef = A4E7C64916A3B1AE00D0E7DD /* ZTAppDelegate.m */; };
		A4E7C64C16A3B1AE00D0E7DD /* Default.png in Resources */ = {isa = PBXBuildFile; fileRef = A4E7C64B16A3B1AE00D0E7DD /* Default.png */; };
		A4E7C64E16A3B1AE00D0E7DD /* Default@2x.png in Resources */ = {isa = PBXBuildFile; fileRef = A4E7C64D16A3B1AE00D0E7DD /* Default@2x.png */; };
		A4E7C65016A3B1AE00D0E7DD /* Default-568h@2x.png in Resources */ = {isa = PBXBuildFile; fileRef = A4E7C64F16A3B1AE00D0E7DD /* Default-568h@2x.png */; };
		A4E7C65316A3B1AE00D0E7DD /* ZTViewController.m in Sources */ = {isa = PBXBuildFile; fileRef = A4E7C65216A3B1AE00D0E7DD /* ZTViewController.m */; };
		A4E7C65616A3B1AE00D0E7DD /* ZTViewController.xib in Resources */ = {isa = PBXBuildFile; fileRef = A4E7C65416A3B1AE00D0E7DD /* ZTViewController.xib */; };
		A4E7C67416A3B8E200D0E7DD /* AFHTTPClient.m in Sources */ = {isa = PBXBuildFile; fileRef = A4E7C66216A3B8E200D0E7DD /* AFHTTPClient.m */; };
		A4E7C67516A3B8E200D0E7DD /* AFHTTPRequestOperation.m in Sources */ = {isa = PBXBuildFile; fileRef = A4E7C66416A3B8E200D0E7DD /* AFHTTPRequestOperation.m */; };
		A4E7C67616A3B8E200D0E7DD /* AFImageRequestOperation.m in Sources */ = {isa = PBXBuildFile; fileRef = A4E7C66616A3B8E200D0E7DD /* AFImageRequestOperation.m */; };
		A4E7C67716A3B8E200D0E7DD /* AFJSONRequestOperation.m in Sources */ = {isa = PBXBuildFile; fileRef = A4E7C66816A3B8E200D0E7DD /* AFJSONRequestOperation.m */; };
		A4E7C67816A3B8E200D0E7DD /* AFNetworkActivityIndicatorManager.m in Sources */ = {isa = PBXBuildFile; fileRef = A4E7C66A16A3B8E200D0E7DD /* AFNetworkActivityIndicatorManager.m */; };
		A4E7C67916A3B8E200D0E7DD /* AFPropertyListRequestOperation.m in Sources */ = {isa = PBXBuildFile; fileRef = A4E7C66D16A3B8E200D0E7DD /* AFPropertyListRequestOperation.m */; };
		A4E7C67A16A3B8E200D0E7DD /* AFURLConnectionOperation.m in Sources */ = {isa = PBXBuildFile; fileRef = A4E7C66F16A3B8E200D0E7DD /* AFURLConnectionOperation.m */; };
		A4E7C67B16A3B8E200D0E7DD /* AFXMLRequestOperation.m in Sources */ = {isa = PBXBuildFile; fileRef = A4E7C67116A3B8E200D0E7DD /* AFXMLRequestOperation.m */; };
		A4E7C67C16A3B8E200D0E7DD /* UIImageView+AFNetworking.m in Sources */ = {isa = PBXBuildFile; fileRef = A4E7C67316A3B8E200D0E7DD /* UIImageView+AFNetworking.m */; };
		A4E7C69416A3CB1100D0E7DD /* AFRestAPIClient.m in Sources */ = {isa = PBXBuildFile; fileRef = A4E7C69316A3CB1100D0E7DD /* AFRestAPIClient.m */; };
/* End PBXBuildFile section */

/* Begin PBXFileReference section */
		A4E7C63516A3B1AD00D0E7DD /* HttpTest.app */ = {isa = PBXFileReference; explicitFileType = wrapper.application; includeInIndex = 0; path = HttpTest.app; sourceTree = BUILT_PRODUCTS_DIR; };
		A4E7C63916A3B1AE00D0E7DD /* UIKit.framework */ = {isa = PBXFileReference; lastKnownFileType = wrapper.framework; name = UIKit.framework; path = System/Library/Frameworks/UIKit.framework; sourceTree = SDKROOT; };
		A4E7C63B16A3B1AE00D0E7DD /* Foundation.framework */ = {isa = PBXFileReference; lastKnownFileType = wrapper.framework; name = Foundation.framework; path = System/Library/Frameworks/Foundation.framework; sourceTree = SDKROOT; };
		A4E7C63D16A3B1AE00D0E7DD /* CoreGraphics.framework */ = {isa = PBXFileReference; lastKnownFileType = wrapper.framework; name = CoreGraphics.framework; path = System/Library/Frameworks/CoreGraphics.framework; sourceTree = SDKROOT; };
		A4E7C64116A3B1AE00D0E7DD /* HttpTest-Info.plist */ = {isa = PBXFileReference; lastKnownFileType = text.plist.xml; path = "HttpTest-Info.plist"; sourceTree = "<group>"; };
		A4E7C64316A3B1AE00D0E7DD /* en */ = {isa = PBXFileReference; lastKnownFileType = text.plist.strings; name = en; path = en.lproj/InfoPlist.strings; sourceTree = "<group>"; };
		A4E7C64516A3B1AE00D0E7DD /* main.m */ = {isa = PBXFileReference; lastKnownFileType = sourcecode.c.objc; path = main.m; sourceTree = "<group>"; };
		A4E7C64716A3B1AE00D0E7DD /* HttpTest-Prefix.pch */ = {isa = PBXFileReference; lastKnownFileType = sourcecode.c.h; path = "HttpTest-Prefix.pch"; sourceTree = "<group>"; };
		A4E7C64816A3B1AE00D0E7DD /* ZTAppDelegate.h */ = {isa = PBXFileReference; lastKnownFileType = sourcecode.c.h; path = ZTAppDelegate.h; sourceTree = "<group>"; };
		A4E7C64916A3B1AE00D0E7DD /* ZTAppDelegate.m */ = {isa = PBXFileReference; lastKnownFileType = sourcecode.c.objc; path = ZTAppDelegate.m; sourceTree = "<group>"; };
		A4E7C64B16A3B1AE00D0E7DD /* Default.png */ = {isa = PBXFileReference; lastKnownFileType = image.png; path = Default.png; sourceTree = "<group>"; };
		A4E7C64D16A3B1AE00D0E7DD /* Default@2x.png */ = {isa = PBXFileReference; lastKnownFileType = image.png; path = "Default@2x.png"; sourceTree = "<group>"; };
		A4E7C64F16A3B1AE00D0E7DD /* Default-568h@2x.png */ = {isa = PBXFileReference; lastKnownFileType = image.png; path = "Default-568h@2x.png"; sourceTree = "<group>"; };
		A4E7C65116A3B1AE00D0E7DD /* ZTViewController.h */ = {isa = PBXFileReference; lastKnownFileType = sourcecode.c.h; path = ZTViewController.h; sourceTree = "<group>"; };
		A4E7C65216A3B1AE00D0E7DD /* ZTViewController.m */ = {isa = PBXFileReference; lastKnownFileType = sourcecode.c.objc; path = ZTViewController.m; sourceTree = "<group>"; };
		A4E7C65516A3B1AE00D0E7DD /* en */ = {isa = PBXFileReference; lastKnownFileType = file.xib; name = en; path = en.lproj/ZTViewController.xib; sourceTree = "<group>"; };
		A4E7C66116A3B8E200D0E7DD /* AFHTTPClient.h */ = {isa = PBXFileReference; fileEncoding = 4; lastKnownFileType = sourcecode.c.h; path = AFHTTPClient.h; sourceTree = "<group>"; };
		A4E7C66216A3B8E200D0E7DD /* AFHTTPClient.m */ = {isa = PBXFileReference; fileEncoding = 4; lastKnownFileType = sourcecode.c.objc; path = AFHTTPClient.m; sourceTree = "<group>"; };
		A4E7C66316A3B8E200D0E7DD /* AFHTTPRequestOperation.h */ = {isa = PBXFileReference; fileEncoding = 4; lastKnownFileType = sourcecode.c.h; path = AFHTTPRequestOperation.h; sourceTree = "<group>"; };
		A4E7C66416A3B8E200D0E7DD /* AFHTTPRequestOperation.m */ = {isa = PBXFileReference; fileEncoding = 4; lastKnownFileType = sourcecode.c.objc; path = AFHTTPRequestOperation.m; sourceTree = "<group>"; };
		A4E7C66516A3B8E200D0E7DD /* AFImageRequestOperation.h */ = {isa = PBXFileReference; fileEncoding = 4; lastKnownFileType = sourcecode.c.h; path = AFImageRequestOperation.h; sourceTree = "<group>"; };
		A4E7C66616A3B8E200D0E7DD /* AFImageRequestOperation.m */ = {isa = PBXFileReference; fileEncoding = 4; lastKnownFileType = sourcecode.c.objc; path = AFImageRequestOperation.m; sourceTree = "<group>"; };
		A4E7C66716A3B8E200D0E7DD /* AFJSONRequestOperation.h */ = {isa = PBXFileReference; fileEncoding = 4; lastKnownFileType = sourcecode.c.h; path = AFJSONRequestOperation.h; sourceTree = "<group>"; };
		A4E7C66816A3B8E200D0E7DD /* AFJSONRequestOperation.m */ = {isa = PBXFileReference; fileEncoding = 4; lastKnownFileType = sourcecode.c.objc; path = AFJSONRequestOperation.m; sourceTree = "<group>"; };
		A4E7C66916A3B8E200D0E7DD /* AFNetworkActivityIndicatorManager.h */ = {isa = PBXFileReference; fileEncoding = 4; lastKnownFileType = sourcecode.c.h; path = AFNetworkActivityIndicatorManager.h; sourceTree = "<group>"; };
		A4E7C66A16A3B8E200D0E7DD /* AFNetworkActivityIndicatorManager.m */ = {isa = PBXFileReference; fileEncoding = 4; lastKnownFileType = sourcecode.c.objc; path = AFNetworkActivityIndicatorManager.m; sourceTree = "<group>"; };
		A4E7C66B16A3B8E200D0E7DD /* AFNetworking.h */ = {isa = PBXFileReference; fileEncoding = 4; lastKnownFileType = sourcecode.c.h; path = AFNetworking.h; sourceTree = "<group>"; };
		A4E7C66C16A3B8E200D0E7DD /* AFPropertyListRequestOperation.h */ = {isa = PBXFileReference; fileEncoding = 4; lastKnownFileType = sourcecode.c.h; path = AFPropertyListRequestOperation.h; sourceTree = "<group>"; };
		A4E7C66D16A3B8E200D0E7DD /* AFPropertyListRequestOperation.m */ = {isa = PBXFileReference; fileEncoding = 4; lastKnownFileType = sourcecode.c.objc; path = AFPropertyListRequestOperation.m; sourceTree = "<group>"; };
		A4E7C66E16A3B8E200D0E7DD /* AFURLConnectionOperation.h */ = {isa = PBXFileReference; fileEncoding = 4; lastKnownFileType = sourcecode.c.h; path = AFURLConnectionOperation.h; sourceTree = "<group>"; };
		A4E7C66F16A3B8E200D0E7DD /* AFURLConnectionOperation.m */ = {isa = PBXFileReference; fileEncoding = 4; lastKnownFileType = sourcecode.c.objc; path = AFURLConnectionOperation.m; sourceTree = "<group>"; };
		A4E7C67016A3B8E200D0E7DD /* AFXMLRequestOperation.h */ = {isa = PBXFileReference; fileEncoding = 4; lastKnownFileType = sourcecode.c.h; path = AFXMLRequestOperation.h; sourceTree = "<group>"; };
		A4E7C67116A3B8E200D0E7DD /* AFXMLRequestOperation.m */ = {isa = PBXFileReference; fileEncoding = 4; lastKnownFileType = sourcecode.c.objc; path = AFXMLRequestOperation.m; sourceTree = "<group>"; };
		A4E7C67216A3B8E200D0E7DD /* UIImageView+AFNetworking.h */ = {isa = PBXFileReference; fileEncoding = 4; lastKnownFileType = sourcecode.c.h; path = "UIImageView+AFNetworking.h"; sourceTree = "<group>"; };
		A4E7C67316A3B8E200D0E7DD /* UIImageView+AFNetworking.m */ = {isa = PBXFileReference; fileEncoding = 4; lastKnownFileType = sourcecode.c.objc; path = "UIImageView+AFNetworking.m"; sourceTree = "<group>"; };
		A4E7C69216A3CB1100D0E7DD /* AFRestAPIClient.h */ = {isa = PBXFileReference; fileEncoding = 4; lastKnownFileType = sourcecode.c.h; path = AFRestAPIClient.h; sourceTree = "<group>"; };
		A4E7C69316A3CB1100D0E7DD /* AFRestAPIClient.m */ = {isa = PBXFileReference; fileEncoding = 4; lastKnownFileType = sourcecode.c.objc; path = AFRestAPIClient.m; sourceTree = "<group>"; };
/* End PBXFileReference section */

/* Begin PBXFrameworksBuildPhase section */
		A4E7C63216A3B1AD00D0E7DD /* Frameworks */ = {
			isa = PBXFrameworksBuildPhase;
			buildActionMask = 2147483647;
			files = (
				A4E7C63A16A3B1AE00D0E7DD /* UIKit.framework in Frameworks */,
				A4E7C63C16A3B1AE00D0E7DD /* Foundation.framework in Frameworks */,
				A4E7C63E16A3B1AE00D0E7DD /* CoreGraphics.framework in Frameworks */,
			);
			runOnlyForDeploymentPostprocessing = 0;
		};
/* End PBXFrameworksBuildPhase section */

/* Begin PBXGroup section */
		A4E7C62A16A3B1AD00D0E7DD = {
			isa = PBXGroup;
			children = (
				A4E7C63F16A3B1AE00D0E7DD /* HttpTest */,
				A4E7C63816A3B1AD00D0E7DD /* Frameworks */,
				A4E7C63616A3B1AD00D0E7DD /* Products */,
			);
			sourceTree = "<group>";
		};
		A4E7C63616A3B1AD00D0E7DD /* Products */ = {
			isa = PBXGroup;
			children = (
				A4E7C63516A3B1AD00D0E7DD /* HttpTest.app */,
			);
			name = Products;
			sourceTree = "<group>";
		};
		A4E7C63816A3B1AD00D0E7DD /* Frameworks */ = {
			isa = PBXGroup;
			children = (
				A4E7C63916A3B1AE00D0E7DD /* UIKit.framework */,
				A4E7C63B16A3B1AE00D0E7DD /* Foundation.framework */,
				A4E7C63D16A3B1AE00D0E7DD /* CoreGraphics.framework */,
			);
			name = Frameworks;
			sourceTree = "<group>";
		};
		A4E7C63F16A3B1AE00D0E7DD /* HttpTest */ = {
			isa = PBXGroup;
			children = (
				A4E7C66016A3B8E200D0E7DD /* AFNetworking */,
				A4E7C69216A3CB1100D0E7DD /* AFRestAPIClient.h */,
				A4E7C69316A3CB1100D0E7DD /* AFRestAPIClient.m */,
				A4E7C64816A3B1AE00D0E7DD /* ZTAppDelegate.h */,
				A4E7C64916A3B1AE00D0E7DD /* ZTAppDelegate.m */,
				A4E7C65116A3B1AE00D0E7DD /* ZTViewController.h */,
				A4E7C65216A3B1AE00D0E7DD /* ZTViewController.m */,
				A4E7C65416A3B1AE00D0E7DD /* ZTViewController.xib */,
				A4E7C64016A3B1AE00D0E7DD /* Supporting Files */,
			);
			path = HttpTest;
			sourceTree = "<group>";
		};
		A4E7C64016A3B1AE00D0E7DD /* Supporting Files */ = {
			isa = PBXGroup;
			children = (
				A4E7C64116A3B1AE00D0E7DD /* HttpTest-Info.plist */,
				A4E7C64216A3B1AE00D0E7DD /* InfoPlist.strings */,
				A4E7C64516A3B1AE00D0E7DD /* main.m */,
				A4E7C64716A3B1AE00D0E7DD /* HttpTest-Prefix.pch */,
				A4E7C64B16A3B1AE00D0E7DD /* Default.png */,
				A4E7C64D16A3B1AE00D0E7DD /* Default@2x.png */,
				A4E7C64F16A3B1AE00D0E7DD /* Default-568h@2x.png */,
			);
			name = "Supporting Files";
			sourceTree = "<group>";
		};
		A4E7C66016A3B8E200D0E7DD /* AFNetworking */ = {
			isa = PBXGroup;
			children = (
				A4E7C66116A3B8E200D0E7DD /* AFHTTPClient.h */,
				A4E7C66216A3B8E200D0E7DD /* AFHTTPClient.m */,
				A4E7C66316A3B8E200D0E7DD /* AFHTTPRequestOperation.h */,
				A4E7C66416A3B8E200D0E7DD /* AFHTTPRequestOperation.m */,
				A4E7C66516A3B8E200D0E7DD /* AFImageRequestOperation.h */,
				A4E7C66616A3B8E200D0E7DD /* AFImageRequestOperation.m */,
				A4E7C66716A3B8E200D0E7DD /* AFJSONRequestOperation.h */,
				A4E7C66816A3B8E200D0E7DD /* AFJSONRequestOperation.m */,
				A4E7C66916A3B8E200D0E7DD /* AFNetworkActivityIndicatorManager.h */,
				A4E7C66A16A3B8E200D0E7DD /* AFNetworkActivityIndicatorManager.m */,
				A4E7C66B16A3B8E200D0E7DD /* AFNetworking.h */,
				A4E7C66C16A3B8E200D0E7DD /* AFPropertyListRequestOperation.h */,
				A4E7C66D16A3B8E200D0E7DD /* AFPropertyListRequestOperation.m */,
				A4E7C66E16A3B8E200D0E7DD /* AFURLConnectionOperation.h */,
				A4E7C66F16A3B8E200D0E7DD /* AFURLConnectionOperation.m */,
				A4E7C67016A3B8E200D0E7DD /* AFXMLRequestOperation.h */,
				A4E7C67116A3B8E200D0E7DD /* AFXMLRequestOperation.m */,
				A4E7C67216A3B8E200D0E7DD /* UIImageView+AFNetworking.h */,
				A4E7C67316A3B8E200D0E7DD /* UIImageView+AFNetworking.m */,
			);
			path = AFNetworking;
			sourceTree = "<group>";
		};
/* End PBXGroup section */

/* Begin PBXNativeTarget section */
		A4E7C63416A3B1AD00D0E7DD /* HttpTest */ = {
			isa = PBXNativeTarget;
			buildConfigurationList = A4E7C65916A3B1AE00D0E7DD /* Build configuration list for PBXNativeTarget "HttpTest" */;
			buildPhases = (
				A4E7C63116A3B1AD00D0E7DD /* Sources */,
				A4E7C63216A3B1AD00D0E7DD /* Frameworks */,
				A4E7C63316A3B1AD00D0E7DD /* Resources */,
			);
			buildRules = (
			);
			dependencies = (
			);
			name = HttpTest;
			productName = HttpTest;
			productReference = A4E7C63516A3B1AD00D0E7DD /* HttpTest.app */;
			productType = "com.apple.product-type.application";
		};
/* End PBXNativeTarget section */

/* Begin PBXProject section */
		A4E7C62C16A3B1AD00D0E7DD /* Project object */ = {
			isa = PBXProject;
			attributes = {
				CLASSPREFIX = ZT;
				LastUpgradeCheck = 0450;
				ORGANIZATIONNAME = "赵飞";
			};
			buildConfigurationList = A4E7C62F16A3B1AD00D0E7DD /* Build configuration list for PBXProject "HttpTest" */;
			compatibilityVersion = "Xcode 3.2";
			developmentRegion = English;
			hasScannedForEncodings = 0;
			knownRegions = (
				en,
			);
			mainGroup = A4E7C62A16A3B1AD00D0E7DD;
			productRefGroup = A4E7C63616A3B1AD00D0E7DD /* Products */;
			projectDirPath = "";
			projectRoot = "";
			targets = (
				A4E7C63416A3B1AD00D0E7DD /* HttpTest */,
			);
		};
/* End PBXProject section */

/* Begin PBXResourcesBuildPhase section */
		A4E7C63316A3B1AD00D0E7DD /* Resources */ = {
			isa = PBXResourcesBuildPhase;
			buildActionMask = 2147483647;
			files = (
				A4E7C64416A3B1AE00D0E7DD /* InfoPlist.strings in Resources */,
				A4E7C64C16A3B1AE00D0E7DD /* Default.png in Resources */,
				A4E7C64E16A3B1AE00D0E7DD /* Default@2x.png in Resources */,
				A4E7C65016A3B1AE00D0E7DD /* Default-568h@2x.png in Resources */,
				A4E7C65616A3B1AE00D0E7DD /* ZTViewController.xib in Resources */,
			);
			runOnlyForDeploymentPostprocessing = 0;
		};
/* End PBXResourcesBuildPhase section */

/* Begin PBXSourcesBuildPhase section */
		A4E7C63116A3B1AD00D0E7DD /* Sources */ = {
			isa = PBXSourcesBuildPhase;
			buildActionMask = 2147483647;
			files = (
				A4E7C64616A3B1AE00D0E7DD /* main.m in Sources */,
				A4E7C64A16A3B1AE00D0E7DD /* ZTAppDelegate.m in Sources */,
				A4E7C65316A3B1AE00D0E7DD /* ZTViewController.m in Sources */,
				A4E7C67416A3B8E200D0E7DD /* AFHTTPClient.m in Sources */,
				A4E7C67516A3B8E200D0E7DD /* AFHTTPRequestOperation.m in Sources */,
				A4E7C67616A3B8E200D0E7DD /* AFImageRequestOperation.m in Sources */,
				A4E7C67716A3B8E200D0E7DD /* AFJSONRequestOperation.m in Sources */,
				A4E7C67816A3B8E200D0E7DD /* AFNetworkActivityIndicatorManager.m in Sources */,
				A4E7C67916A3B8E200D0E7DD /* AFPropertyListRequestOperation.m in Sources */,
				A4E7C67A16A3B8E200D0E7DD /* AFURLConnectionOperation.m in Sources */,
				A4E7C67B16A3B8E200D0E7DD /* AFXMLRequestOperation.m in Sources */,
				A4E7C67C16A3B8E200D0E7DD /* UIImageView+AFNetworking.m in Sources */,
				A4E7C69416A3CB1100D0E7DD /* AFRestAPIClient.m in Sources */,
			);
			runOnlyForDeploymentPostprocessing = 0;
		};
/* End PBXSourcesBuildPhase section */

/* Begin PBXVariantGroup section */
		A4E7C64216A3B1AE00D0E7DD /* InfoPlist.strings */ = {
			isa = PBXVariantGroup;
			children = (
				A4E7C64316A3B1AE00D0E7DD /* en */,
			);
			name = InfoPlist.strings;
			sourceTree = "<group>";
		};
		A4E7C65416A3B1AE00D0E7DD /* ZTViewController.xib */ = {
			isa = PBXVariantGroup;
			children = (
				A4E7C65516A3B1AE00D0E7DD /* en */,
			);
			name = ZTViewController.xib;
			sourceTree = "<group>";
		};
/* End PBXVariantGroup section */

/* Begin XCBuildConfiguration section */
		A4E7C65716A3B1AE00D0E7DD /* Debug */ = {
			isa = XCBuildConfiguration;
			buildSettings = {
				ALWAYS_SEARCH_USER_PATHS = NO;
				CLANG_CXX_LANGUAGE_STANDARD = "gnu++0x";
				CLANG_CXX_LIBRARY = "libc++";
				CLANG_ENABLE_OBJC_ARC = YES;
				CLANG_WARN_EMPTY_BODY = YES;
				CLANG_WARN__DUPLICATE_METHOD_MATCH = YES;
				"CODE_SIGN_IDENTITY[sdk=iphoneos*]" = "iPhone Developer";
				COPY_PHASE_STRIP = NO;
				GCC_C_LANGUAGE_STANDARD = gnu99;
				GCC_DYNAMIC_NO_PIC = NO;
				GCC_OPTIMIZATION_LEVEL = 0;
				GCC_PREPROCESSOR_DEFINITIONS = (
					"DEBUG=1",
					"$(inherited)",
				);
				GCC_SYMBOLS_PRIVATE_EXTERN = NO;
				GCC_WARN_ABOUT_RETURN_TYPE = YES;
				GCC_WARN_UNINITIALIZED_AUTOS = YES;
				GCC_WARN_UNUSED_VARIABLE = YES;
				IPHONEOS_DEPLOYMENT_TARGET = 6.0;
				ONLY_ACTIVE_ARCH = YES;
				SDKROOT = iphoneos;
			};
			name = Debug;
		};
		A4E7C65816A3B1AE00D0E7DD /* Release */ = {
			isa = XCBuildConfiguration;
			buildSettings = {
				ALWAYS_SEARCH_USER_PATHS = NO;
				CLANG_CXX_LANGUAGE_STANDARD = "gnu++0x";
				CLANG_CXX_LIBRARY = "libc++";
				CLANG_ENABLE_OBJC_ARC = YES;
				CLANG_WARN_EMPTY_BODY = YES;
				CLANG_WARN__DUPLICATE_METHOD_MATCH = YES;
				"CODE_SIGN_IDENTITY[sdk=iphoneos*]" = "iPhone Developer";
				COPY_PHASE_STRIP = YES;
				GCC_C_LANGUAGE_STANDARD = gnu99;
				GCC_WARN_ABOUT_RETURN_TYPE = YES;
				GCC_WARN_UNINITIALIZED_AUTOS = YES;
				GCC_WARN_UNUSED_VARIABLE = YES;
				IPHONEOS_DEPLOYMENT_TARGET = 6.0;
				OTHER_CFLAGS = "-DNS_BLOCK_ASSERTIONS=1";
				SDKROOT = iphoneos;
				VALIDATE_PRODUCT = YES;
			};
			name = Release;
		};
		A4E7C65A16A3B1AE00D0E7DD /* Debug */ = {
			isa = XCBuildConfiguration;
			buildSettings = {
				GCC_PRECOMPILE_PREFIX_HEADER = YES;
				GCC_PREFIX_HEADER = "HttpTest/HttpTest-Prefix.pch";
				INFOPLIST_FILE = "HttpTest/HttpTest-Info.plist";
				IPHONEOS_DEPLOYMENT_TARGET = 5.1;
				PRODUCT_NAME = "$(TARGET_NAME)";
				WRAPPER_EXTENSION = app;
			};
			name = Debug;
		};
		A4E7C65B16A3B1AE00D0E7DD /* Release */ = {
			isa = XCBuildConfiguration;
			buildSettings = {
				GCC_PRECOMPILE_PREFIX_HEADER = YES;
				GCC_PREFIX_HEADER = "HttpTest/HttpTest-Prefix.pch";
				INFOPLIST_FILE = "HttpTest/HttpTest-Info.plist";
				IPHONEOS_DEPLOYMENT_TARGET = 5.1;
				PRODUCT_NAME = "$(TARGET_NAME)";
				WRAPPER_EXTENSION = app;
			};
			name = Release;
		};
/* End XCBuildConfiguration section */

/* Begin XCConfigurationList section */
		A4E7C62F16A3B1AD00D0E7DD /* Build configuration list for PBXProject "HttpTest" */ = {
			isa = XCConfigurationList;
			buildConfigurations = (
				A4E7C65716A3B1AE00D0E7DD /* Debug */,
				A4E7C65816A3B1AE00D0E7DD /* Release */,
			);
			defaultConfigurationIsVisible = 0;
			defaultConfigurationName = Release;
		};
		A4E7C65916A3B1AE00D0E7DD /* Build configuration list for PBXNativeTarget "HttpTest" */ = {
			isa = XCConfigurationList;
			buildConfigurations = (
				A4E7C65A16A3B1AE00D0E7DD /* Debug */,
				A4E7C65B16A3B1AE00D0E7DD /* Release */,
			);
			defaultConfigurationIsVisible = 0;
			defaultConfigurationName = Release;
		};
/* End XCConfigurationList section */
	};
	rootObject = A4E7C62C16A3B1AD00D0E7DD /* Project object */;
}
